{
  "name": "as-wasi",
  "version": "0.2.0",
  "lockfileVersion": 1,
  "requires": true,
  "dependencies": {
    "assemblyscript": {
      "version": "0.14.7",
      "resolved": "https://registry.npmjs.org/assemblyscript/-/assemblyscript-0.14.7.tgz",
      "integrity": "sha512-QTCGBmZHvLAvZZ/sezo/2xMNXg0sgoICGTS5PSg1KPCp8QEYwNuh795Zzad/kxZTlhG6u7EHaX5Bh+Upytvbnw==",
      "dev": true,
      "requires": {
        "binaryen": "95.0.0-nightly.20200723",
        "long": "^4.0.0"
      }
    },
    "binaryen": {
      "version": "95.0.0-nightly.20200723",
      "resolved": "https://registry.npmjs.org/binaryen/-/binaryen-95.0.0-nightly.20200723.tgz",
      "integrity": "sha512-IUO89yU4l20ocuf7RvcBj2T1ZGafO0XNcbqTFne9Dbp63FOLafDSuV7U22n0bTbK4H6qqGogTQtQJQbrV054lQ==",
      "dev": true
    },
    "long": {
      "version": "4.0.0",
      "resolved": "https://registry.npmjs.org/long/-/long-4.0.0.tgz",
      "integrity": "sha512-XsP+KhQif4bjX1kbuSiySJFNAehNxgLb6hPRGJ9QsUr8ajHkuXGdrHmFUTUUXhDwVX2R5bY4JNZEwbUiMhV+MA==",
      "dev": true
    }
  }
}
