{
  "name": "as-wasi",
  "version": "0.2.0",
  "lockfileVersion": 1,
  "requires": true,
  "dependencies": {
    "assemblyscript": {
      "version": "0.14.1",
      "resolved": "https://registry.npmjs.org/assemblyscript/-/assemblyscript-0.14.1.tgz",
      "integrity": "sha512-QW7Kvr+iDCxSgmDEtLhgM28FASz+wwGJJ3JCGWbUwIIickZkFf1m7c02DhBgONF1Q53d9KJi0aRGgTDvQKClUQ==",
      "dev": true,
      "requires": {
        "binaryen": "94.0.0-nightly.20200716",
        "long": "^4.0.0"
      }
    },
    "binaryen": {
      "version": "94.0.0-nightly.20200716",
      "resolved": "https://registry.npmjs.org/binaryen/-/binaryen-94.0.0-nightly.20200716.tgz",
      "integrity": "sha512-VvxpZQ2PI4G9EOU8uDmcBo1gd1UmxtWEnCCrxi8DzwBHxOGtFHeFH8Np3lT46HdZa1A7U42CBVHYbSlhY3cLCA==",
      "dev": true
    },
    "long": {
      "version": "4.0.0",
      "resolved": "https://registry.npmjs.org/long/-/long-4.0.0.tgz",
      "integrity": "sha512-XsP+KhQif4bjX1kbuSiySJFNAehNxgLb6hPRGJ9QsUr8ajHkuXGdrHmFUTUUXhDwVX2R5bY4JNZEwbUiMhV+MA==",
      "dev": true
    }
  }
}
