{
  "name": "as-wasi",
  "version": "0.1.1",
  "lockfileVersion": 1,
  "requires": true,
  "dependencies": {
    "assemblyscript": {
      "version": "0.13.0",
      "resolved": "https://registry.npmjs.org/assemblyscript/-/assemblyscript-0.13.0.tgz",
      "integrity": "sha512-RH2p9yXt3FFo5oEU5097Lsql41RZeE2W9rfFAJTrvlvadLmq1hgeisPcEyLcN/SCReQG5aHbcXt711y7FPV/9g==",
      "dev": true,
      "requires": {
        "binaryen": "93.0.0-nightly.20200609",
        "long": "^4.0.0"
      }
    },
    "binaryen": {
      "version": "93.0.0-nightly.20200609",
      "resolved": "https://registry.npmjs.org/binaryen/-/binaryen-93.0.0-nightly.20200609.tgz",
      "integrity": "sha512-CIaeav05u+fWRN2h1ecwIoSaOF/Mk6U85M/G6eg1nOHAXYYmOuh9TztF9Fu8krRWnl98J3W+VfDClApMV5zCtw==",
      "dev": true
    },
    "long": {
      "version": "4.0.0",
      "resolved": "https://registry.npmjs.org/long/-/long-4.0.0.tgz",
      "integrity": "sha512-XsP+KhQif4bjX1kbuSiySJFNAehNxgLb6hPRGJ9QsUr8ajHkuXGdrHmFUTUUXhDwVX2R5bY4JNZEwbUiMhV+MA==",
      "dev": true
    }
  }
}
