# THIS IS AN AUTOGENERATED FILE. DO NOT EDIT THIS FILE DIRECTLY.
# yarn lockfile v1


assemblyscript@^0.9:
  version "0.9.4"
  resolved "https://registry.yarnpkg.com/assemblyscript/-/assemblyscript-0.9.4.tgz#d535ad6e9299c9d3b9881ff08c3101298d53cb1a"
  integrity sha512-GabjIxYt5uI3nyZNYzw6VtHyZcjVtcw8tbtEbXGvbrp3+A5p3zQ2yrU03tSiRR+WTeGx2aS8c6T+y2gGfjyvqw==
  dependencies:
    binaryen "91.0.0-nightly.20200310"
    long "^4.0.0"

binaryen@91.0.0-nightly.20200310:
  version "91.0.0-nightly.20200310"
  resolved "https://registry.yarnpkg.com/binaryen/-/binaryen-91.0.0-nightly.20200310.tgz#f2c60020fef1fb5ac0e436b9a0e01b25c484c0b4"
  integrity sha512-MmDzq267aa61HdEQeYiz+7guJlsYk2/6NxWC8I4w1jijqDwoqyZZxi7UYnTH7QvfLrNdMjweEgfT7FHjkvkPmQ==

long@^4.0.0:
  version "4.0.0"
  resolved "https://registry.yarnpkg.com/long/-/long-4.0.0.tgz#9a7b71cfb7d361a194ea555241c92f7468d5bf28"
  integrity sha512-XsP+KhQif4bjX1kbuSiySJFNAehNxgLb6hPRGJ9QsUr8ajHkuXGdrHmFUTUUXhDwVX2R5bY4JNZEwbUiMhV+MA==
