# THIS IS AN AUTOGENERATED FILE. DO NOT EDIT THIS FILE DIRECTLY.
# yarn lockfile v1


assemblyscript@^0.10:
  version "0.10.0"
  resolved "https://registry.yarnpkg.com/assemblyscript/-/assemblyscript-0.10.0.tgz#0d2a0591be77fdd294d720172e307e526a559ba8"
  integrity sha512-ErUNhHboD+zsB4oG6X1YICDAIo27Gq7LeNX6jVe+Q0W5cI51/fHwC8yJ68IukqvupmZgYPdp1JqqRXlS+BrUfA==
  dependencies:
    binaryen "93.0.0-nightly.20200514"
    long "^4.0.0"

binaryen@93.0.0-nightly.20200514:
  version "93.0.0-nightly.20200514"
  resolved "https://registry.yarnpkg.com/binaryen/-/binaryen-93.0.0-nightly.20200514.tgz#af498b5d9f8169254fb0cd385061d94ba9b27b1d"
  integrity sha512-SRRItmNvhRVfoWWbRloO4i8IqkKH8rZ7/0QWRgLpM3umupK8gBpo9MY7Zp3pDysRSp+rVoqxvM5x4tFyCSa9zw==

long@^4.0.0:
  version "4.0.0"
  resolved "https://registry.yarnpkg.com/long/-/long-4.0.0.tgz#9a7b71cfb7d361a194ea555241c92f7468d5bf28"
  integrity sha512-XsP+KhQif4bjX1kbuSiySJFNAehNxgLb6hPRGJ9QsUr8ajHkuXGdrHmFUTUUXhDwVX2R5bY4JNZEwbUiMhV+MA==
